<?xml version="1.0" encoding="UTF-8"?>
<!DOCTYPE plist PUBLIC "-//Apple//DTD PLIST 1.0//EN" "http://www.apple.com/DTDs/PropertyList-1.0.dtd">
<plist version="1.0">
<dict>
	<key>archiveVersion</key>
	<string>1</string>
	<key>classes</key>
	<dict/>
	<key>objectVersion</key>
	<string>46</string>
	<key>objects</key>
	<dict>
		<key>0166BEAD15614B849672C2FB</key>
		<dict>
			<key>fileRef</key>
			<string>B615345ED2CF4A2BAE0479C0</string>
			<key>isa</key>
			<string>PBXBuildFile</string>
		</dict>
		<key>142914DB589D2C78BF981D71</key>
		<dict>
			<key>includeInIndex</key>
			<string>1</string>
			<key>isa</key>
			<string>PBXFileReference</string>
			<key>lastKnownFileType</key>
			<string>text.xcconfig</string>
			<key>name</key>
			<string>Pods.debug.xcconfig</string>
			<key>path</key>
			<string>Pods/Target Support Files/Pods/Pods.debug.xcconfig</string>
			<key>sourceTree</key>
			<string>&lt;group&gt;</string>
		</dict>
		<key>3179EB114E092BC37F1A1363</key>
		<dict>
			<key>includeInIndex</key>
			<string>1</string>
			<key>isa</key>
			<string>PBXFileReference</string>
			<key>lastKnownFileType</key>
			<string>text.xcconfig</string>
			<key>name</key>
			<string>Pods.release.xcconfig</string>
			<key>path</key>
			<string>Pods/Target Support Files/Pods/Pods.release.xcconfig</string>
			<key>sourceTree</key>
			<string>&lt;group&gt;</string>
		</dict>
		<key>4A39B659238B4ED0AAD94266</key>
		<dict>
			<key>buildActionMask</key>
			<string>2147483647</string>
			<key>files</key>
			<array/>
			<key>inputPaths</key>
			<array/>
			<key>isa</key>
			<string>PBXShellScriptBuildPhase</string>
			<key>name</key>
			<string>Check Pods Manifest.lock</string>
			<key>outputPaths</key>
			<array/>
			<key>runOnlyForDeploymentPostprocessing</key>
			<string>0</string>
			<key>shellPath</key>
			<string>/bin/sh</string>
			<key>shellScript</key>
			<string>diff "${PODS_ROOT}/../Podfile.lock" "${PODS_ROOT}/Manifest.lock" &gt; /dev/null
if [[ $? != 0 ]] ; then
    cat &lt;&lt; EOM
error: The sandbox is not in sync with the Podfile.lock. Run 'pod install' or update your CocoaPods installation.
EOM
    exit 1
fi
</string>
			<key>showEnvVarsInLog</key>
			<string>0</string>
		</dict>
		<key>753FF7D12F8E35677EE8454A</key>
		<dict>
			<key>children</key>
			<array>
				<string>142914DB589D2C78BF981D71</string>
				<string>3179EB114E092BC37F1A1363</string>
			</array>
			<key>isa</key>
			<string>PBXGroup</string>
			<key>name</key>
			<string>Pods</string>
			<key>sourceTree</key>
			<string>&lt;group&gt;</string>
		</dict>
		<key>9503829518063DDF003FBE11</key>
		<dict>
			<key>children</key>
			<array>
				<string>950382D018063E5B003FBE11</string>
				<string>950382A718063DDF003FBE11</string>
				<string>950382C018063DDF003FBE11</string>
				<string>950382A018063DDF003FBE11</string>
				<string>9503829F18063DDF003FBE11</string>
				<string>753FF7D12F8E35677EE8454A</string>
			</array>
			<key>isa</key>
			<string>PBXGroup</string>
			<key>sourceTree</key>
			<string>&lt;group&gt;</string>
		</dict>
		<key>9503829618063DDF003FBE11</key>
		<dict>
			<key>attributes</key>
			<dict>
				<key>LastUpgradeCheck</key>
				<string>0500</string>
				<key>ORGANIZATIONNAME</key>
				<string>Ideais Mobile</string>
				<key>TargetAttributes</key>
				<dict>
					<key>950382B818063DDF003FBE11</key>
					<dict>
						<key>TestTargetID</key>
						<string>9503829D18063DDF003FBE11</string>
					</dict>
				</dict>
			</dict>
			<key>buildConfigurationList</key>
			<string>9503829918063DDF003FBE11</string>
			<key>compatibilityVersion</key>
			<string>Xcode 3.2</string>
			<key>developmentRegion</key>
			<string>English</string>
			<key>hasScannedForEncodings</key>
			<string>0</string>
			<key>isa</key>
			<string>PBXProject</string>
			<key>knownRegions</key>
			<array>
				<string>en</string>
			</array>
			<key>mainGroup</key>
			<string>9503829518063DDF003FBE11</string>
			<key>productRefGroup</key>
			<string>9503829F18063DDF003FBE11</string>
			<key>projectDirPath</key>
			<string></string>
			<key>projectReferences</key>
			<array/>
			<key>projectRoot</key>
			<string></string>
			<key>targets</key>
			<array>
				<string>9503829D18063DDF003FBE11</string>
				<string>950382B818063DDF003FBE11</string>
			</array>
		</dict>
		<key>9503829918063DDF003FBE11</key>
		<dict>
			<key>buildConfigurations</key>
			<array>
				<string>950382C818063DDF003FBE11</string>
				<string>950382C918063DDF003FBE11</string>
			</array>
			<key>defaultConfigurationIsVisible</key>
			<string>0</string>
			<key>defaultConfigurationName</key>
			<string>Release</string>
			<key>isa</key>
			<string>XCConfigurationList</string>
		</dict>
		<key>9503829A18063DDF003FBE11</key>
		<dict>
			<key>buildActionMask</key>
			<string>2147483647</string>
			<key>files</key>
			<array>
				<string>C81610F419DA6A8E0005553A</string>
				<string>950382B218063DDF003FBE11</string>
				<string>950382AE18063DDF003FBE11</string>
				<string>950382D9180645ED003FBE11</string>
				<string>950382D318063E7B003FBE11</string>
			</array>
			<key>isa</key>
			<string>PBXSourcesBuildPhase</string>
			<key>runOnlyForDeploymentPostprocessing</key>
			<string>0</string>
		</dict>
		<key>9503829B18063DDF003FBE11</key>
		<dict>
			<key>buildActionMask</key>
			<string>2147483647</string>
			<key>files</key>
			<array>
				<string>950382A418063DDF003FBE11</string>
				<string>950382A618063DDF003FBE11</string>
				<string>950382A218063DDF003FBE11</string>
				<string>0166BEAD15614B849672C2FB</string>
			</array>
			<key>isa</key>
			<string>PBXFrameworksBuildPhase</string>
			<key>runOnlyForDeploymentPostprocessing</key>
			<string>0</string>
		</dict>
		<key>9503829C18063DDF003FBE11</key>
		<dict>
			<key>buildActionMask</key>
			<string>2147483647</string>
			<key>files</key>
			<array>
				<string>950382AC18063DDF003FBE11</string>
			</array>
			<key>isa</key>
			<string>PBXResourcesBuildPhase</string>
			<key>runOnlyForDeploymentPostprocessing</key>
			<string>0</string>
		</dict>
		<key>9503829D18063DDF003FBE11</key>
		<dict>
			<key>buildConfigurationList</key>
			<string>950382CA18063DDF003FBE11</string>
			<key>buildPhases</key>
			<array>
				<string>4A39B659238B4ED0AAD94266</string>
				<string>9503829A18063DDF003FBE11</string>
				<string>9503829B18063DDF003FBE11</string>
				<string>9503829C18063DDF003FBE11</string>
				<string>B9FD310CA49E4706AD5ACE05</string>
			</array>
			<key>buildRules</key>
			<array/>
			<key>dependencies</key>
			<array/>
			<key>isa</key>
			<string>PBXNativeTarget</string>
			<key>name</key>
			<string>AFXMLDictionarySerializer</string>
			<key>productName</key>
			<string>AFXMLDictionarySerializer</string>
			<key>productReference</key>
			<string>9503829E18063DDF003FBE11</string>
			<key>productType</key>
			<string>com.apple.product-type.application</string>
		</dict>
		<key>9503829E18063DDF003FBE11</key>
		<dict>
			<key>explicitFileType</key>
			<string>wrapper.application</string>
			<key>includeInIndex</key>
			<string>0</string>
			<key>isa</key>
			<string>PBXFileReference</string>
			<key>path</key>
			<string>AFXMLDictionarySerializer.app</string>
			<key>sourceTree</key>
			<string>BUILT_PRODUCTS_DIR</string>
		</dict>
		<key>9503829F18063DDF003FBE11</key>
		<dict>
			<key>children</key>
			<array>
				<string>9503829E18063DDF003FBE11</string>
				<string>950382B918063DDF003FBE11</string>
			</array>
			<key>isa</key>
			<string>PBXGroup</string>
			<key>name</key>
			<string>Products</string>
			<key>sourceTree</key>
			<string>&lt;group&gt;</string>
		</dict>
		<key>950382A018063DDF003FBE11</key>
		<dict>
			<key>children</key>
			<array>
				<string>950382A118063DDF003FBE11</string>
				<string>950382A318063DDF003FBE11</string>
				<string>950382A518063DDF003FBE11</string>
				<string>950382BA18063DDF003FBE11</string>
				<string>B615345ED2CF4A2BAE0479C0</string>
			</array>
			<key>isa</key>
			<string>PBXGroup</string>
			<key>name</key>
			<string>Frameworks</string>
			<key>sourceTree</key>
			<string>&lt;group&gt;</string>
		</dict>
		<key>950382A118063DDF003FBE11</key>
		<dict>
			<key>isa</key>
			<string>PBXFileReference</string>
			<key>lastKnownFileType</key>
			<string>wrapper.framework</string>
			<key>name</key>
			<string>Foundation.framework</string>
			<key>path</key>
			<string>System/Library/Frameworks/Foundation.framework</string>
			<key>sourceTree</key>
			<string>SDKROOT</string>
		</dict>
		<key>950382A218063DDF003FBE11</key>
		<dict>
			<key>fileRef</key>
			<string>950382A118063DDF003FBE11</string>
			<key>isa</key>
			<string>PBXBuildFile</string>
		</dict>
		<key>950382A318063DDF003FBE11</key>
		<dict>
			<key>isa</key>
			<string>PBXFileReference</string>
			<key>lastKnownFileType</key>
			<string>wrapper.framework</string>
			<key>name</key>
			<string>CoreGraphics.framework</string>
			<key>path</key>
			<string>System/Library/Frameworks/CoreGraphics.framework</string>
			<key>sourceTree</key>
			<string>SDKROOT</string>
		</dict>
		<key>950382A418063DDF003FBE11</key>
		<dict>
			<key>fileRef</key>
			<string>950382A318063DDF003FBE11</string>
			<key>isa</key>
			<string>PBXBuildFile</string>
		</dict>
		<key>950382A518063DDF003FBE11</key>
		<dict>
			<key>isa</key>
			<string>PBXFileReference</string>
			<key>lastKnownFileType</key>
			<string>wrapper.framework</string>
			<key>name</key>
			<string>UIKit.framework</string>
			<key>path</key>
			<string>System/Library/Frameworks/UIKit.framework</string>
			<key>sourceTree</key>
			<string>SDKROOT</string>
		</dict>
		<key>950382A618063DDF003FBE11</key>
		<dict>
			<key>fileRef</key>
			<string>950382A518063DDF003FBE11</string>
			<key>isa</key>
			<string>PBXBuildFile</string>
		</dict>
		<key>950382A718063DDF003FBE11</key>
		<dict>
			<key>children</key>
			<array>
				<string>950382B018063DDF003FBE11</string>
				<string>950382B118063DDF003FBE11</string>
				<string>950382A818063DDF003FBE11</string>
			</array>
			<key>isa</key>
			<string>PBXGroup</string>
			<key>path</key>
			<string>AFXMLDictionarySerializer</string>
			<key>sourceTree</key>
			<string>&lt;group&gt;</string>
		</dict>
		<key>950382A818063DDF003FBE11</key>
		<dict>
			<key>children</key>
			<array>
				<string>950382A918063DDF003FBE11</string>
				<string>950382AA18063DDF003FBE11</string>
				<string>950382AD18063DDF003FBE11</string>
				<string>950382AF18063DDF003FBE11</string>
			</array>
			<key>isa</key>
			<string>PBXGroup</string>
			<key>name</key>
			<string>Supporting Files</string>
			<key>sourceTree</key>
			<string>&lt;group&gt;</string>
		</dict>
		<key>950382A918063DDF003FBE11</key>
		<dict>
			<key>isa</key>
			<string>PBXFileReference</string>
			<key>lastKnownFileType</key>
			<string>text.plist.xml</string>
			<key>path</key>
			<string>AFXMLDictionarySerializer-Info.plist</string>
			<key>sourceTree</key>
			<string>&lt;group&gt;</string>
		</dict>
		<key>950382AA18063DDF003FBE11</key>
		<dict>
			<key>children</key>
			<array>
				<string>950382AB18063DDF003FBE11</string>
			</array>
			<key>isa</key>
			<string>PBXVariantGroup</string>
			<key>name</key>
			<string>InfoPlist.strings</string>
			<key>sourceTree</key>
			<string>&lt;group&gt;</string>
		</dict>
		<key>950382AB18063DDF003FBE11</key>
		<dict>
			<key>isa</key>
			<string>PBXFileReference</string>
			<key>lastKnownFileType</key>
			<string>text.plist.strings</string>
			<key>name</key>
			<string>en</string>
			<key>path</key>
			<string>en.lproj/InfoPlist.strings</string>
			<key>sourceTree</key>
			<string>&lt;group&gt;</string>
		</dict>
		<key>950382AC18063DDF003FBE11</key>
		<dict>
			<key>fileRef</key>
			<string>950382AA18063DDF003FBE11</string>
			<key>isa</key>
			<string>PBXBuildFile</string>
		</dict>
		<key>950382AD18063DDF003FBE11</key>
		<dict>
			<key>isa</key>
			<string>PBXFileReference</string>
			<key>lastKnownFileType</key>
			<string>sourcecode.c.objc</string>
			<key>path</key>
			<string>main.m</string>
			<key>sourceTree</key>
			<string>&lt;group&gt;</string>
		</dict>
		<key>950382AE18063DDF003FBE11</key>
		<dict>
			<key>fileRef</key>
			<string>950382AD18063DDF003FBE11</string>
			<key>isa</key>
			<string>PBXBuildFile</string>
		</dict>
		<key>950382AF18063DDF003FBE11</key>
		<dict>
			<key>isa</key>
			<string>PBXFileReference</string>
			<key>lastKnownFileType</key>
			<string>sourcecode.c.h</string>
			<key>path</key>
			<string>AFXMLDictionarySerializer-Prefix.pch</string>
			<key>sourceTree</key>
			<string>&lt;group&gt;</string>
		</dict>
		<key>950382B018063DDF003FBE11</key>
		<dict>
			<key>isa</key>
			<string>PBXFileReference</string>
			<key>lastKnownFileType</key>
			<string>sourcecode.c.h</string>
			<key>path</key>
			<string>AppDelegate.h</string>
			<key>sourceTree</key>
			<string>&lt;group&gt;</string>
		</dict>
		<key>950382B118063DDF003FBE11</key>
		<dict>
			<key>isa</key>
			<string>PBXFileReference</string>
			<key>lastKnownFileType</key>
			<string>sourcecode.c.objc</string>
			<key>path</key>
			<string>AppDelegate.m</string>
			<key>sourceTree</key>
			<string>&lt;group&gt;</string>
		</dict>
		<key>950382B218063DDF003FBE11</key>
		<dict>
			<key>fileRef</key>
			<string>950382B118063DDF003FBE11</string>
			<key>isa</key>
			<string>PBXBuildFile</string>
		</dict>
		<key>950382B518063DDF003FBE11</key>
		<dict>
			<key>buildActionMask</key>
			<string>2147483647</string>
			<key>files</key>
			<array>
				<string>950382C718063DDF003FBE11</string>
			</array>
			<key>isa</key>
			<string>PBXSourcesBuildPhase</string>
			<key>runOnlyForDeploymentPostprocessing</key>
			<string>0</string>
		</dict>
		<key>950382B618063DDF003FBE11</key>
		<dict>
			<key>buildActionMask</key>
			<string>2147483647</string>
			<key>files</key>
			<array>
				<string>950382BB18063DDF003FBE11</string>
				<string>950382BD18063DDF003FBE11</string>
				<string>950382BC18063DDF003FBE11</string>
			</array>
			<key>isa</key>
			<string>PBXFrameworksBuildPhase</string>
			<key>runOnlyForDeploymentPostprocessing</key>
			<string>0</string>
		</dict>
		<key>950382B718063DDF003FBE11</key>
		<dict>
			<key>buildActionMask</key>
			<string>2147483647</string>
			<key>files</key>
			<array>
				<string>950382C518063DDF003FBE11</string>
			</array>
			<key>isa</key>
			<string>PBXResourcesBuildPhase</string>
			<key>runOnlyForDeploymentPostprocessing</key>
			<string>0</string>
		</dict>
		<key>950382B818063DDF003FBE11</key>
		<dict>
			<key>buildConfigurationList</key>
			<string>950382CD18063DDF003FBE11</string>
			<key>buildPhases</key>
			<array>
				<string>950382B518063DDF003FBE11</string>
				<string>950382B618063DDF003FBE11</string>
				<string>950382B718063DDF003FBE11</string>
			</array>
			<key>buildRules</key>
			<array/>
			<key>dependencies</key>
			<array>
				<string>950382BF18063DDF003FBE11</string>
			</array>
			<key>isa</key>
			<string>PBXNativeTarget</string>
			<key>name</key>
			<string>AFXMLDictionarySerializerTests</string>
			<key>productName</key>
			<string>AFXMLDictionarySerializerTests</string>
			<key>productReference</key>
			<string>950382B918063DDF003FBE11</string>
			<key>productType</key>
			<string>com.apple.product-type.bundle.unit-test</string>
		</dict>
		<key>950382B918063DDF003FBE11</key>
		<dict>
			<key>explicitFileType</key>
			<string>wrapper.cfbundle</string>
			<key>includeInIndex</key>
			<string>0</string>
			<key>isa</key>
			<string>PBXFileReference</string>
			<key>path</key>
			<string>AFXMLDictionarySerializerTests.xctest</string>
			<key>sourceTree</key>
			<string>BUILT_PRODUCTS_DIR</string>
		</dict>
		<key>950382BA18063DDF003FBE11</key>
		<dict>
			<key>isa</key>
			<string>PBXFileReference</string>
			<key>lastKnownFileType</key>
			<string>wrapper.framework</string>
			<key>name</key>
			<string>XCTest.framework</string>
			<key>path</key>
			<string>Library/Frameworks/XCTest.framework</string>
			<key>sourceTree</key>
			<string>DEVELOPER_DIR</string>
		</dict>
		<key>950382BB18063DDF003FBE11</key>
		<dict>
			<key>fileRef</key>
			<string>950382BA18063DDF003FBE11</string>
			<key>isa</key>
			<string>PBXBuildFile</string>
		</dict>
		<key>950382BC18063DDF003FBE11</key>
		<dict>
			<key>fileRef</key>
			<string>950382A118063DDF003FBE11</string>
			<key>isa</key>
			<string>PBXBuildFile</string>
		</dict>
		<key>950382BD18063DDF003FBE11</key>
		<dict>
			<key>fileRef</key>
			<string>950382A518063DDF003FBE11</string>
			<key>isa</key>
			<string>PBXBuildFile</string>
		</dict>
		<key>950382BE18063DDF003FBE11</key>
		<dict>
			<key>containerPortal</key>
			<string>9503829618063DDF003FBE11</string>
			<key>isa</key>
			<string>PBXContainerItemProxy</string>
			<key>proxyType</key>
			<string>1</string>
			<key>remoteGlobalIDString</key>
			<string>9503829D18063DDF003FBE11</string>
			<key>remoteInfo</key>
			<string>AFXMLDictionarySerializer</string>
		</dict>
		<key>950382BF18063DDF003FBE11</key>
		<dict>
			<key>isa</key>
			<string>PBXTargetDependency</string>
			<key>target</key>
			<string>9503829D18063DDF003FBE11</string>
			<key>targetProxy</key>
			<string>950382BE18063DDF003FBE11</string>
		</dict>
		<key>950382C018063DDF003FBE11</key>
		<dict>
			<key>children</key>
			<array>
				<string>950382C618063DDF003FBE11</string>
				<string>950382C118063DDF003FBE11</string>
			</array>
			<key>isa</key>
			<string>PBXGroup</string>
			<key>path</key>
			<string>AFXMLDictionarySerializerTests</string>
			<key>sourceTree</key>
			<string>&lt;group&gt;</string>
		</dict>
		<key>950382C118063DDF003FBE11</key>
		<dict>
			<key>children</key>
			<array>
				<string>950382C218063DDF003FBE11</string>
				<string>950382C318063DDF003FBE11</string>
			</array>
			<key>isa</key>
			<string>PBXGroup</string>
			<key>name</key>
			<string>Supporting Files</string>
			<key>sourceTree</key>
			<string>&lt;group&gt;</string>
		</dict>
		<key>950382C218063DDF003FBE11</key>
		<dict>
			<key>isa</key>
			<string>PBXFileReference</string>
			<key>lastKnownFileType</key>
			<string>text.plist.xml</string>
			<key>path</key>
			<string>AFXMLDictionarySerializerTests-Info.plist</string>
			<key>sourceTree</key>
			<string>&lt;group&gt;</string>
		</dict>
		<key>950382C318063DDF003FBE11</key>
		<dict>
			<key>children</key>
			<array>
				<string>950382C418063DDF003FBE11</string>
			</array>
			<key>isa</key>
			<string>PBXVariantGroup</string>
			<key>name</key>
			<string>InfoPlist.strings</string>
			<key>sourceTree</key>
			<string>&lt;group&gt;</string>
		</dict>
		<key>950382C418063DDF003FBE11</key>
		<dict>
			<key>isa</key>
			<string>PBXFileReference</string>
			<key>lastKnownFileType</key>
			<string>text.plist.strings</string>
			<key>name</key>
			<string>en</string>
			<key>path</key>
			<string>en.lproj/InfoPlist.strings</string>
			<key>sourceTree</key>
			<string>&lt;group&gt;</string>
		</dict>
		<key>950382C518063DDF003FBE11</key>
		<dict>
			<key>fileRef</key>
			<string>950382C318063DDF003FBE11</string>
			<key>isa</key>
			<string>PBXBuildFile</string>
		</dict>
		<key>950382C618063DDF003FBE11</key>
		<dict>
			<key>isa</key>
			<string>PBXFileReference</string>
			<key>lastKnownFileType</key>
			<string>sourcecode.c.objc</string>
			<key>path</key>
			<string>AFXMLDictionarySerializerTests.m</string>
			<key>sourceTree</key>
			<string>&lt;group&gt;</string>
		</dict>
		<key>950382C718063DDF003FBE11</key>
		<dict>
			<key>fileRef</key>
			<string>950382C618063DDF003FBE11</string>
			<key>isa</key>
			<string>PBXBuildFile</string>
		</dict>
		<key>950382C818063DDF003FBE11</key>
		<dict>
			<key>buildSettings</key>
			<dict>
				<key>ALWAYS_SEARCH_USER_PATHS</key>
				<string>NO</string>
				<key>ARCHS</key>
				<string>$(ARCHS_STANDARD_INCLUDING_64_BIT)</string>
				<key>CLANG_CXX_LANGUAGE_STANDARD</key>
				<string>gnu++0x</string>
				<key>CLANG_CXX_LIBRARY</key>
				<string>libc++</string>
				<key>CLANG_ENABLE_MODULES</key>
				<string>YES</string>
				<key>CLANG_ENABLE_OBJC_ARC</key>
				<string>YES</string>
				<key>CLANG_WARN_BOOL_CONVERSION</key>
				<string>YES</string>
				<key>CLANG_WARN_CONSTANT_CONVERSION</key>
				<string>YES</string>
				<key>CLANG_WARN_DIRECT_OBJC_ISA_USAGE</key>
				<string>YES_ERROR</string>
				<key>CLANG_WARN_EMPTY_BODY</key>
				<string>YES</string>
				<key>CLANG_WARN_ENUM_CONVERSION</key>
				<string>YES</string>
				<key>CLANG_WARN_INT_CONVERSION</key>
				<string>YES</string>
				<key>CLANG_WARN_OBJC_ROOT_CLASS</key>
				<string>YES_ERROR</string>
				<key>CLANG_WARN__DUPLICATE_METHOD_MATCH</key>
				<string>YES</string>
				<key>CODE_SIGN_IDENTITY[sdk=iphoneos*]</key>
				<string>iPhone Developer</string>
				<key>COPY_PHASE_STRIP</key>
				<string>NO</string>
				<key>GCC_C_LANGUAGE_STANDARD</key>
				<string>gnu99</string>
				<key>GCC_DYNAMIC_NO_PIC</key>
				<string>NO</string>
				<key>GCC_OPTIMIZATION_LEVEL</key>
				<string>0</string>
				<key>GCC_PREPROCESSOR_DEFINITIONS</key>
				<array>
					<string>DEBUG=1</string>
					<string>$(inherited)</string>
				</array>
				<key>GCC_SYMBOLS_PRIVATE_EXTERN</key>
				<string>NO</string>
				<key>GCC_WARN_64_TO_32_BIT_CONVERSION</key>
				<string>YES</string>
				<key>GCC_WARN_ABOUT_RETURN_TYPE</key>
				<string>YES_ERROR</string>
				<key>GCC_WARN_UNDECLARED_SELECTOR</key>
				<string>YES</string>
				<key>GCC_WARN_UNINITIALIZED_AUTOS</key>
				<string>YES</string>
				<key>GCC_WARN_UNUSED_FUNCTION</key>
				<string>YES</string>
				<key>GCC_WARN_UNUSED_VARIABLE</key>
				<string>YES</string>
				<key>IPHONEOS_DEPLOYMENT_TARGET</key>
				<string>7.0</string>
				<key>ONLY_ACTIVE_ARCH</key>
				<string>YES</string>
				<key>SDKROOT</key>
				<string>iphoneos</string>
				<key>TARGETED_DEVICE_FAMILY</key>
				<string>1,2</string>
			</dict>
			<key>isa</key>
			<string>XCBuildConfiguration</string>
			<key>name</key>
			<string>Debug</string>
		</dict>
		<key>950382C918063DDF003FBE11</key>
		<dict>
			<key>buildSettings</key>
			<dict>
				<key>ALWAYS_SEARCH_USER_PATHS</key>
				<string>NO</string>
				<key>ARCHS</key>
				<string>$(ARCHS_STANDARD_INCLUDING_64_BIT)</string>
				<key>CLANG_CXX_LANGUAGE_STANDARD</key>
				<string>gnu++0x</string>
				<key>CLANG_CXX_LIBRARY</key>
				<string>libc++</string>
				<key>CLANG_ENABLE_MODULES</key>
				<string>YES</string>
				<key>CLANG_ENABLE_OBJC_ARC</key>
				<string>YES</string>
				<key>CLANG_WARN_BOOL_CONVERSION</key>
				<string>YES</string>
				<key>CLANG_WARN_CONSTANT_CONVERSION</key>
				<string>YES</string>
				<key>CLANG_WARN_DIRECT_OBJC_ISA_USAGE</key>
				<string>YES_ERROR</string>
				<key>CLANG_WARN_EMPTY_BODY</key>
				<string>YES</string>
				<key>CLANG_WARN_ENUM_CONVERSION</key>
				<string>YES</string>
				<key>CLANG_WARN_INT_CONVERSION</key>
				<string>YES</string>
				<key>CLANG_WARN_OBJC_ROOT_CLASS</key>
				<string>YES_ERROR</string>
				<key>CLANG_WARN__DUPLICATE_METHOD_MATCH</key>
				<string>YES</string>
				<key>CODE_SIGN_IDENTITY[sdk=iphoneos*]</key>
				<string>iPhone Developer</string>
				<key>COPY_PHASE_STRIP</key>
				<string>YES</string>
				<key>ENABLE_NS_ASSERTIONS</key>
				<string>NO</string>
				<key>GCC_C_LANGUAGE_STANDARD</key>
				<string>gnu99</string>
				<key>GCC_WARN_64_TO_32_BIT_CONVERSION</key>
				<string>YES</string>
				<key>GCC_WARN_ABOUT_RETURN_TYPE</key>
				<string>YES_ERROR</string>
				<key>GCC_WARN_UNDECLARED_SELECTOR</key>
				<string>YES</string>
				<key>GCC_WARN_UNINITIALIZED_AUTOS</key>
				<string>YES</string>
				<key>GCC_WARN_UNUSED_FUNCTION</key>
				<string>YES</string>
				<key>GCC_WARN_UNUSED_VARIABLE</key>
				<string>YES</string>
				<key>IPHONEOS_DEPLOYMENT_TARGET</key>
				<string>7.0</string>
				<key>SDKROOT</key>
				<string>iphoneos</string>
				<key>TARGETED_DEVICE_FAMILY</key>
				<string>1,2</string>
				<key>VALIDATE_PRODUCT</key>
				<string>YES</string>
			</dict>
			<key>isa</key>
			<string>XCBuildConfiguration</string>
			<key>name</key>
			<string>Release</string>
		</dict>
		<key>950382CA18063DDF003FBE11</key>
		<dict>
			<key>buildConfigurations</key>
			<array>
				<string>950382CB18063DDF003FBE11</string>
				<string>950382CC18063DDF003FBE11</string>
			</array>
			<key>defaultConfigurationIsVisible</key>
			<string>0</string>
			<key>defaultConfigurationName</key>
			<string>Release</string>
			<key>isa</key>
			<string>XCConfigurationList</string>
		</dict>
		<key>950382CB18063DDF003FBE11</key>
		<dict>
			<key>baseConfigurationReference</key>
			<string>142914DB589D2C78BF981D71</string>
			<key>buildSettings</key>
			<dict>
				<key>ASSETCATALOG_COMPILER_APPICON_NAME</key>
				<string>AppIcon</string>
				<key>ASSETCATALOG_COMPILER_LAUNCHIMAGE_NAME</key>
				<string>LaunchImage</string>
				<key>GCC_PRECOMPILE_PREFIX_HEADER</key>
				<string>YES</string>
				<key>GCC_PREFIX_HEADER</key>
				<string>AFXMLDictionarySerializer/AFXMLDictionarySerializer-Prefix.pch</string>
				<key>INFOPLIST_FILE</key>
				<string>AFXMLDictionarySerializer/AFXMLDictionarySerializer-Info.plist</string>
				<key>PRODUCT_NAME</key>
				<string>$(TARGET_NAME)</string>
				<key>WRAPPER_EXTENSION</key>
				<string>app</string>
			</dict>
			<key>isa</key>
			<string>XCBuildConfiguration</string>
			<key>name</key>
			<string>Debug</string>
		</dict>
		<key>950382CC18063DDF003FBE11</key>
		<dict>
			<key>baseConfigurationReference</key>
			<string>3179EB114E092BC37F1A1363</string>
			<key>buildSettings</key>
			<dict>
				<key>ASSETCATALOG_COMPILER_APPICON_NAME</key>
				<string>AppIcon</string>
				<key>ASSETCATALOG_COMPILER_LAUNCHIMAGE_NAME</key>
				<string>LaunchImage</string>
				<key>GCC_PRECOMPILE_PREFIX_HEADER</key>
				<string>YES</string>
				<key>GCC_PREFIX_HEADER</key>
				<string>AFXMLDictionarySerializer/AFXMLDictionarySerializer-Prefix.pch</string>
				<key>INFOPLIST_FILE</key>
				<string>AFXMLDictionarySerializer/AFXMLDictionarySerializer-Info.plist</string>
				<key>PRODUCT_NAME</key>
				<string>$(TARGET_NAME)</string>
				<key>WRAPPER_EXTENSION</key>
				<string>app</string>
			</dict>
			<key>isa</key>
			<string>XCBuildConfiguration</string>
			<key>name</key>
			<string>Release</string>
		</dict>
		<key>950382CD18063DDF003FBE11</key>
		<dict>
			<key>buildConfigurations</key>
			<array>
				<string>950382CE18063DDF003FBE11</string>
				<string>950382CF18063DDF003FBE11</string>
			</array>
			<key>defaultConfigurationIsVisible</key>
			<string>0</string>
			<key>defaultConfigurationName</key>
			<string>Release</string>
			<key>isa</key>
			<string>XCConfigurationList</string>
		</dict>
		<key>950382CE18063DDF003FBE11</key>
		<dict>
			<key>buildSettings</key>
			<dict>
				<key>ARCHS</key>
				<string>$(ARCHS_STANDARD_INCLUDING_64_BIT)</string>
				<key>BUNDLE_LOADER</key>
				<string>$(BUILT_PRODUCTS_DIR)/AFXMLDictionarySerializer.app/AFXMLDictionarySerializer</string>
				<key>FRAMEWORK_SEARCH_PATHS</key>
				<array>
					<string>$(SDKROOT)/Developer/Library/Frameworks</string>
					<string>$(inherited)</string>
					<string>$(DEVELOPER_FRAMEWORKS_DIR)</string>
				</array>
				<key>GCC_PRECOMPILE_PREFIX_HEADER</key>
				<string>YES</string>
				<key>GCC_PREFIX_HEADER</key>
				<string>AFXMLDictionarySerializer/AFXMLDictionarySerializer-Prefix.pch</string>
				<key>GCC_PREPROCESSOR_DEFINITIONS</key>
				<array>
					<string>DEBUG=1</string>
					<string>$(inherited)</string>
				</array>
				<key>INFOPLIST_FILE</key>
				<string>AFXMLDictionarySerializerTests/AFXMLDictionarySerializerTests-Info.plist</string>
				<key>PRODUCT_NAME</key>
				<string>$(TARGET_NAME)</string>
				<key>TEST_HOST</key>
				<string>$(BUNDLE_LOADER)</string>
				<key>WRAPPER_EXTENSION</key>
				<string>xctest</string>
			</dict>
			<key>isa</key>
			<string>XCBuildConfiguration</string>
			<key>name</key>
			<string>Debug</string>
		</dict>
		<key>950382CF18063DDF003FBE11</key>
		<dict>
			<key>buildSettings</key>
			<dict>
				<key>ARCHS</key>
				<string>$(ARCHS_STANDARD_INCLUDING_64_BIT)</string>
				<key>BUNDLE_LOADER</key>
				<string>$(BUILT_PRODUCTS_DIR)/AFXMLDictionarySerializer.app/AFXMLDictionarySerializer</string>
				<key>FRAMEWORK_SEARCH_PATHS</key>
				<array>
					<string>$(SDKROOT)/Developer/Library/Frameworks</string>
					<string>$(inherited)</string>
					<string>$(DEVELOPER_FRAMEWORKS_DIR)</string>
				</array>
				<key>GCC_PRECOMPILE_PREFIX_HEADER</key>
				<string>YES</string>
				<key>GCC_PREFIX_HEADER</key>
				<string>AFXMLDictionarySerializer/AFXMLDictionarySerializer-Prefix.pch</string>
				<key>INFOPLIST_FILE</key>
				<string>AFXMLDictionarySerializerTests/AFXMLDictionarySerializerTests-Info.plist</string>
				<key>PRODUCT_NAME</key>
				<string>$(TARGET_NAME)</string>
				<key>TEST_HOST</key>
				<string>$(BUNDLE_LOADER)</string>
				<key>WRAPPER_EXTENSION</key>
				<string>xctest</string>
			</dict>
			<key>isa</key>
			<string>XCBuildConfiguration</string>
			<key>name</key>
			<string>Release</string>
		</dict>
		<key>950382D018063E5B003FBE11</key>
		<dict>
			<key>children</key>
			<array>
				<string>950382D7180645ED003FBE11</string>
				<string>950382D8180645ED003FBE11</string>
				<string>950382D118063E7B003FBE11</string>
				<string>950382D218063E7B003FBE11</string>
				<string>C81610F219DA6A8E0005553A</string>
				<string>C81610F319DA6A8E0005553A</string>
			</array>
			<key>isa</key>
			<string>PBXGroup</string>
			<key>name</key>
			<string>Classes</string>
			<key>sourceTree</key>
			<string>&lt;group&gt;</string>
		</dict>
		<key>950382D118063E7B003FBE11</key>
		<dict>
			<key>fileEncoding</key>
			<string>4</string>
			<key>isa</key>
			<string>PBXFileReference</string>
			<key>lastKnownFileType</key>
			<string>sourcecode.c.h</string>
			<key>name</key>
			<string>AFXMLDictionaryResponseSerializer.h</string>
			<key>path</key>
			<string>Classes/AFXMLDictionaryResponseSerializer.h</string>
			<key>sourceTree</key>
			<string>&lt;group&gt;</string>
		</dict>
		<key>950382D218063E7B003FBE11</key>
		<dict>
			<key>fileEncoding</key>
			<string>4</string>
			<key>isa</key>
			<string>PBXFileReference</string>
			<key>lastKnownFileType</key>
			<string>sourcecode.c.objc</string>
			<key>name</key>
			<string>AFXMLDictionaryResponseSerializer.m</string>
			<key>path</key>
			<string>Classes/AFXMLDictionaryResponseSerializer.m</string>
			<key>sourceTree</key>
			<string>&lt;group&gt;</string>
		</dict>
		<key>950382D318063E7B003FBE11</key>
		<dict>
			<key>fileRef</key>
			<string>950382D218063E7B003FBE11</string>
			<key>isa</key>
			<string>PBXBuildFile</string>
		</dict>
		<key>950382D7180645ED003FBE11</key>
		<dict>
			<key>fileEncoding</key>
			<string>4</string>
			<key>isa</key>
			<string>PBXFileReference</string>
			<key>lastKnownFileType</key>
			<string>sourcecode.c.h</string>
			<key>name</key>
			<string>AFXMLDictionaryRequestSerializer.h</string>
			<key>path</key>
			<string>Classes/AFXMLDictionaryRequestSerializer.h</string>
			<key>sourceTree</key>
			<string>&lt;group&gt;</string>
		</dict>
		<key>950382D8180645ED003FBE11</key>
		<dict>
			<key>fileEncoding</key>
			<string>4</string>
			<key>isa</key>
			<string>PBXFileReference</string>
			<key>lastKnownFileType</key>
			<string>sourcecode.c.objc</string>
			<key>name</key>
			<string>AFXMLDictionaryRequestSerializer.m</string>
			<key>path</key>
			<string>Classes/AFXMLDictionaryRequestSerializer.m</string>
			<key>sourceTree</key>
			<string>&lt;group&gt;</string>
		</dict>
		<key>950382D9180645ED003FBE11</key>
		<dict>
			<key>fileRef</key>
			<string>950382D8180645ED003FBE11</string>
			<key>isa</key>
			<string>PBXBuildFile</string>
		</dict>
		<key>B615345ED2CF4A2BAE0479C0</key>
		<dict>
			<key>explicitFileType</key>
			<string>archive.ar</string>
			<key>includeInIndex</key>
			<string>0</string>
			<key>isa</key>
			<string>PBXFileReference</string>
			<key>path</key>
			<string>libPods.a</string>
			<key>sourceTree</key>
			<string>BUILT_PRODUCTS_DIR</string>
		</dict>
		<key>B9FD310CA49E4706AD5ACE05</key>
		<dict>
			<key>buildActionMask</key>
			<string>2147483647</string>
			<key>files</key>
			<array/>
			<key>inputPaths</key>
			<array/>
			<key>isa</key>
			<string>PBXShellScriptBuildPhase</string>
			<key>name</key>
			<string>Copy Pods Resources</string>
			<key>outputPaths</key>
			<array/>
			<key>runOnlyForDeploymentPostprocessing</key>
			<string>0</string>
			<key>shellPath</key>
			<string>/bin/sh</string>
			<key>shellScript</key>
			<string>"${SRCROOT}/Pods/Target Support Files/Pods/Pods-resources.sh"
</string>
			<key>showEnvVarsInLog</key>
			<string>0</string>
		</dict>
		<key>C81610F219DA6A8E0005553A</key>
		<dict>
			<key>fileEncoding</key>
			<string>4</string>
			<key>isa</key>
			<string>PBXFileReference</string>
			<key>lastKnownFileType</key>
			<string>sourcecode.c.h</string>
			<key>name</key>
			<string>XMLDictionarySettings.h</string>
			<key>path</key>
			<string>Classes/XMLDictionarySettings.h</string>
			<key>sourceTree</key>
			<string>&lt;group&gt;</string>
		</dict>
		<key>C81610F319DA6A8E0005553A</key>
		<dict>
			<key>fileEncoding</key>
			<string>4</string>
			<key>isa</key>
			<string>PBXFileReference</string>
			<key>lastKnownFileType</key>
			<string>sourcecode.c.objc</string>
			<key>name</key>
			<string>XMLDictionarySettings.m</string>
			<key>path</key>
			<string>Classes/XMLDictionarySettings.m</string>
			<key>sourceTree</key>
			<string>&lt;group&gt;</string>
		</dict>
		<key>C81610F419DA6A8E0005553A</key>
		<dict>
			<key>fileRef</key>
			<string>C81610F319DA6A8E0005553A</string>
			<key>isa</key>
			<string>PBXBuildFile</string>
		</dict>
	</dict>
	<key>rootObject</key>
	<string>9503829618063DDF003FBE11</string>
</dict>
</plist>
